PODS:
  - Alamofire (5.5.0)
  - iOSDropDown (0.3.4)

DEPENDENCIES:
  - Alamofire
  - iOSDropDown

SPEC REPOS:
  trunk:
    - Alamofire
    - iOSDropDown

SPEC CHECKSUMS:
  Alamofire: 1c4fb5369c3fe93d2857c780d8bbe09f06f97e7c
  iOSDropDown: c10a761f9a00c3f1cc9d3bce43ae504628e2f692

PODFILE CHECKSUM: be67f85963f48225cdb15c3aae20c37fe52e004b

COCOAPODS: 1.11.3
