// !$*UTF8*$!
{
	archiveVersion = 1;
	classes = {
	};
	objectVersion = 51;
	objects = {

/* Begin PBXBuildFile section */
		7ACA278655D92EB329B5B9B7 /* Pods_ClassRankerApp.framework in Frameworks */ = {isa = PBXBuildFile; fileRef = 060B929AF8968E0D78398EE2 /* Pods_ClassRankerApp.framework */; };
		DF48F8B4281B5B100017372B /* AppDelegate.swift in Sources */ = {isa = PBXBuildFile; fileRef = DF48F8B3281B5B100017372B /* AppDelegate.swift */; };
		DF48F8B6281B5B100017372B /* SceneDelegate.swift in Sources */ = {isa = PBXBuildFile; fileRef = DF48F8B5281B5B100017372B /* SceneDelegate.swift */; };
		DF48F8B8281B5B100017372B /* RankViewController.swift in Sources */ = {isa = PBXBuildFile; fileRef = DF48F8B7281B5B100017372B /* RankViewController.swift */; };
		DF48F8BD281B5B140017372B /* Assets.xcassets in Resources */ = {isa = PBXBuildFile; fileRef = DF48F8BC281B5B140017372B /* Assets.xcassets */; };
		DF48F8C0281B5B140017372B /* LaunchScreen.storyboard in Resources */ = {isa = PBXBuildFile; fileRef = DF48F8BE281B5B140017372B /* LaunchScreen.storyboard */; };
		DF48F8CA281B68320017372B /* CourseCell.swift in Sources */ = {isa = PBXBuildFile; fileRef = DF48F8C9281B68320017372B /* CourseCell.swift */; };
		DF48F8CC281B69740017372B /* Models.swift in Sources */ = {isa = PBXBuildFile; fileRef = DF48F8CB281B69740017372B /* Models.swift */; };
		DF48F8D0281B72B00017372B /* CourseViewController.swift in Sources */ = {isa = PBXBuildFile; fileRef = DF48F8CF281B72B00017372B /* CourseViewController.swift */; };
/* End PBXBuildFile section */

/* Begin PBXFileReference section */
		060B929AF8968E0D78398EE2 /* Pods_ClassRankerApp.framework */ = {isa = PBXFileReference; explicitFileType = wrapper.framework; includeInIndex = 0; path = Pods_ClassRankerApp.framework; sourceTree = BUILT_PRODUCTS_DIR; };
		1D4B793575248016338C97D8 /* Pods-ClassRankerApp.debug.xcconfig */ = {isa = PBXFileReference; includeInIndex = 1; lastKnownFileType = text.xcconfig; name = "Pods-ClassRankerApp.debug.xcconfig"; path = "Target Support Files/Pods-ClassRankerApp/Pods-ClassRankerApp.debug.xcconfig"; sourceTree = "<group>"; };
		90CA011D89EA3239F75841D2 /* Pods-ClassRankerApp.release.xcconfig */ = {isa = PBXFileReference; includeInIndex = 1; lastKnownFileType = text.xcconfig; name = "Pods-ClassRankerApp.release.xcconfig"; path = "Target Support Files/Pods-ClassRankerApp/Pods-ClassRankerApp.release.xcconfig"; sourceTree = "<group>"; };
		DF48F8B0281B5B100017372B /* ClassRankerApp.app */ = {isa = PBXFileReference; explicitFileType = wrapper.application; includeInIndex = 0; path = ClassRankerApp.app; sourceTree = BUILT_PRODUCTS_DIR; };
		DF48F8B3281B5B100017372B /* AppDelegate.swift */ = {isa = PBXFileReference; lastKnownFileType = sourcecode.swift; path = AppDelegate.swift; sourceTree = "<group>"; };
		DF48F8B5281B5B100017372B /* SceneDelegate.swift */ = {isa = PBXFileReference; lastKnownFileType = sourcecode.swift; path = SceneDelegate.swift; sourceTree = "<group>"; };
		DF48F8B7281B5B100017372B /* RankViewController.swift */ = {isa = PBXFileReference; lastKnownFileType = sourcecode.swift; path = RankViewController.swift; sourceTree = "<group>"; };
		DF48F8BC281B5B140017372B /* Assets.xcassets */ = {isa = PBXFileReference; lastKnownFileType = folder.assetcatalog; path = Assets.xcassets; sourceTree = "<group>"; };
		DF48F8BF281B5B140017372B /* Base */ = {isa = PBXFileReference; lastKnownFileType = file.storyboard; name = Base; path = Base.lproj/LaunchScreen.storyboard; sourceTree = "<group>"; };
		DF48F8C1281B5B140017372B /* Info.plist */ = {isa = PBXFileReference; lastKnownFileType = text.plist.xml; path = Info.plist; sourceTree = "<group>"; };
		DF48F8C9281B68320017372B /* CourseCell.swift */ = {isa = PBXFileReference; lastKnownFileType = sourcecode.swift; path = CourseCell.swift; sourceTree = "<group>"; };
		DF48F8CB281B69740017372B /* Models.swift */ = {isa = PBXFileReference; lastKnownFileType = sourcecode.swift; path = Models.swift; sourceTree = "<group>"; };
		DF48F8CF281B72B00017372B /* CourseViewController.swift */ = {isa = PBXFileReference; lastKnownFileType = sourcecode.swift; path = CourseViewController.swift; sourceTree = "<group>"; };
/* End PBXFileReference section */

/* Begin PBXFrameworksBuildPhase section */
		DF48F8AD281B5B100017372B /* Frameworks */ = {
			isa = PBXFrameworksBuildPhase;
			buildActionMask = 2147483647;
			files = (
				7ACA278655D92EB329B5B9B7 /* Pods_ClassRankerApp.framework in Frameworks */,
			);
			runOnlyForDeploymentPostprocessing = 0;
		};
/* End PBXFrameworksBuildPhase section */

/* Begin PBXGroup section */
		3F3C8B0D719D95375233CCC5 /* Pods */ = {
			isa = PBXGroup;
			children = (
				1D4B793575248016338C97D8 /* Pods-ClassRankerApp.debug.xcconfig */,
				90CA011D89EA3239F75841D2 /* Pods-ClassRankerApp.release.xcconfig */,
			);
			path = Pods;
			sourceTree = "<group>";
		};
		DD2D34DE0DA97C35AFF2B29C /* Frameworks */ = {
			isa = PBXGroup;
			children = (
				060B929AF8968E0D78398EE2 /* Pods_ClassRankerApp.framework */,
			);
			name = Frameworks;
			sourceTree = "<group>";
		};
		DF48F8A7281B5B100017372B = {
			isa = PBXGroup;
			children = (
				DF48F8B2281B5B100017372B /* ClassRankerApp */,
				DF48F8B1281B5B100017372B /* Products */,
				3F3C8B0D719D95375233CCC5 /* Pods */,
				DD2D34DE0DA97C35AFF2B29C /* Frameworks */,
			);
			sourceTree = "<group>";
		};
		DF48F8B1281B5B100017372B /* Products */ = {
			isa = PBXGroup;
			children = (
				DF48F8B0281B5B100017372B /* ClassRankerApp.app */,
			);
			name = Products;
			sourceTree = "<group>";
		};
		DF48F8B2281B5B100017372B /* ClassRankerApp */ = {
			isa = PBXGroup;
			children = (
				DF48F8B3281B5B100017372B /* AppDelegate.swift */,
				DF48F8B5281B5B100017372B /* SceneDelegate.swift */,
				DF48F8B7281B5B100017372B /* RankViewController.swift */,
				DF48F8CF281B72B00017372B /* CourseViewController.swift */,
				DF48F8C9281B68320017372B /* CourseCell.swift */,
				DF48F8CB281B69740017372B /* Models.swift */,
				DF48F8BC281B5B140017372B /* Assets.xcassets */,
				DF48F8BE281B5B140017372B /* LaunchScreen.storyboard */,
				DF48F8C1281B5B140017372B /* Info.plist */,
			);
			path = ClassRankerApp;
			sourceTree = "<group>";
		};
/* End PBXGroup section */

/* Begin PBXNativeTarget section */
		DF48F8AF281B5B100017372B /* ClassRankerApp */ = {
			isa = PBXNativeTarget;
			buildConfigurationList = DF48F8C4281B5B140017372B /* Build configuration list for PBXNativeTarget "ClassRankerApp" */;
			buildPhases = (
				C7D1C3CDC2B3D17E9443A675 /* [CP] Check Pods Manifest.lock */,
				DF48F8AC281B5B100017372B /* Sources */,
				DF48F8AD281B5B100017372B /* Frameworks */,
				DF48F8AE281B5B100017372B /* Resources */,
				C4F447528EAAB0BAD518C323 /* [CP] Embed Pods Frameworks */,
			);
			buildRules = (
			);
			dependencies = (
			);
			name = ClassRankerApp;
			productName = ClassRankerApp;
			productReference = DF48F8B0281B5B100017372B /* ClassRankerApp.app */;
			productType = "com.apple.product-type.application";
		};
/* End PBXNativeTarget section */

/* Begin PBXProject section */
		DF48F8A8281B5B100017372B /* Project object */ = {
			isa = PBXProject;
			attributes = {
				LastSwiftUpdateCheck = 1250;
				LastUpgradeCheck = 1250;
				TargetAttributes = {
					DF48F8AF281B5B100017372B = {
						CreatedOnToolsVersion = 12.5;
					};
				};
			};
			buildConfigurationList = DF48F8AB281B5B100017372B /* Build configuration list for PBXProject "ClassRankerApp" */;
			compatibilityVersion = "Xcode 9.3";
			developmentRegion = en;
			hasScannedForEncodings = 0;
			knownRegions = (
				en,
				Base,
			);
			mainGroup = DF48F8A7281B5B100017372B;
			productRefGroup = DF48F8B1281B5B100017372B /* Products */;
			projectDirPath = "";
			projectRoot = "";
			targets = (
				DF48F8AF281B5B100017372B /* ClassRankerApp */,
			);
		};
/* End PBXProject section */

/* Begin PBXResourcesBuildPhase section */
		DF48F8AE281B5B100017372B /* Resources */ = {
			isa = PBXResourcesBuildPhase;
			buildActionMask = 2147483647;
			files = (
				DF48F8C0281B5B140017372B /* LaunchScreen.storyboard in Resources */,
				DF48F8BD281B5B140017372B /* Assets.xcassets in Resources */,
			);
			runOnlyForDeploymentPostprocessing = 0;
		};
/* End PBXResourcesBuildPhase section */

/* Begin PBXShellScriptBuildPhase section */
		C4F447528EAAB0BAD518C323 /* [CP] Embed Pods Frameworks */ = {
			isa = PBXShellScriptBuildPhase;
			buildActionMask = 2147483647;
			files = (
			);
			inputFileListPaths = (
				"${PODS_ROOT}/Target Support Files/Pods-ClassRankerApp/Pods-ClassRankerApp-frameworks-${CONFIGURATION}-input-files.xcfilelist",
			);
			name = "[CP] Embed Pods Frameworks";
			outputFileListPaths = (
				"${PODS_ROOT}/Target Support Files/Pods-ClassRankerApp/Pods-ClassRankerApp-frameworks-${CONFIGURATION}-output-files.xcfilelist",
			);
			runOnlyForDeploymentPostprocessing = 0;
			shellPath = /bin/sh;
			shellScript = "\"${PODS_ROOT}/Target Support Files/Pods-ClassRankerApp/Pods-ClassRankerApp-frameworks.sh\"\n";
			showEnvVarsInLog = 0;
		};
		C7D1C3CDC2B3D17E9443A675 /* [CP] Check Pods Manifest.lock */ = {
			isa = PBXShellScriptBuildPhase;
			buildActionMask = 2147483647;
			files = (
			);
			inputFileListPaths = (
			);
			inputPaths = (
				"${PODS_PODFILE_DIR_PATH}/Podfile.lock",
				"${PODS_ROOT}/Manifest.lock",
			);
			name = "[CP] Check Pods Manifest.lock";
			outputFileListPaths = (
			);
			outputPaths = (
				"$(DERIVED_FILE_DIR)/Pods-ClassRankerApp-checkManifestLockResult.txt",
			);
			runOnlyForDeploymentPostprocessing = 0;
			shellPath = /bin/sh;
			shellScript = "diff \"${PODS_PODFILE_DIR_PATH}/Podfile.lock\" \"${PODS_ROOT}/Manifest.lock\" > /dev/null\nif [ $? != 0 ] ; then\n    # print error to STDERR\n    echo \"error: The sandbox is not in sync with the Podfile.lock. Run 'pod install' or update your CocoaPods installation.\" >&2\n    exit 1\nfi\n# This output is used by Xcode 'outputs' to avoid re-running this script phase.\necho \"SUCCESS\" > \"${SCRIPT_OUTPUT_FILE_0}\"\n";
			showEnvVarsInLog = 0;
		};
/* End PBXShellScriptBuildPhase section */

/* Begin PBXSourcesBuildPhase section */
		DF48F8AC281B5B100017372B /* Sources */ = {
			isa = PBXSourcesBuildPhase;
			buildActionMask = 2147483647;
			files = (
				DF48F8CA281B68320017372B /* CourseCell.swift in Sources */,
				DF48F8B8281B5B100017372B /* RankViewController.swift in Sources */,
				DF48F8B4281B5B100017372B /* AppDelegate.swift in Sources */,
				DF48F8B6281B5B100017372B /* SceneDelegate.swift in Sources */,
				DF48F8CC281B69740017372B /* Models.swift in Sources */,
				DF48F8D0281B72B00017372B /* CourseViewController.swift in Sources */,
			);
			runOnlyForDeploymentPostprocessing = 0;
		};
/* End PBXSourcesBuildPhase section */

/* Begin PBXVariantGroup section */
		DF48F8BE281B5B140017372B /* LaunchScreen.storyboard */ = {
			isa = PBXVariantGroup;
			children = (
				DF48F8BF281B5B140017372B /* Base */,
			);
			name = LaunchScreen.storyboard;
			sourceTree = "<group>";
		};
/* End PBXVariantGroup section */

/* Begin XCBuildConfiguration section */
		DF48F8C2281B5B140017372B /* Debug */ = {
			isa = XCBuildConfiguration;
			buildSettings = {
				ALWAYS_SEARCH_USER_PATHS = NO;
				CLANG_ANALYZER_NONNULL = YES;
				CLANG_ANALYZER_NUMBER_OBJECT_CONVERSION = YES_AGGRESSIVE;
				CLANG_CXX_LANGUAGE_STANDARD = "gnu++14";
				CLANG_CXX_LIBRARY = "libc++";
				CLANG_ENABLE_MODULES = YES;
				CLANG_ENABLE_OBJC_ARC = YES;
				CLANG_ENABLE_OBJC_WEAK = YES;
				CLANG_WARN_BLOCK_CAPTURE_AUTORELEASING = YES;
				CLANG_WARN_BOOL_CONVERSION = YES;
				CLANG_WARN_COMMA = YES;
				CLANG_WARN_CONSTANT_CONVERSION = YES;
				CLANG_WARN_DEPRECATED_OBJC_IMPLEMENTATIONS = YES;
				CLANG_WARN_DIRECT_OBJC_ISA_USAGE = YES_ERROR;
				CLANG_WARN_DOCUMENTATION_COMMENTS = YES;
				CLANG_WARN_EMPTY_BODY = YES;
				CLANG_WARN_ENUM_CONVERSION = YES;
				CLANG_WARN_INFINITE_RECURSION = YES;
				CLANG_WARN_INT_CONVERSION = YES;
				CLANG_WARN_NON_LITERAL_NULL_CONVERSION = YES;
				CLANG_WARN_OBJC_IMPLICIT_RETAIN_SELF = YES;
				CLANG_WARN_OBJC_LITERAL_CONVERSION = YES;
				CLANG_WARN_OBJC_ROOT_CLASS = YES_ERROR;
				CLANG_WARN_QUOTED_INCLUDE_IN_FRAMEWORK_HEADER = YES;
				CLANG_WARN_RANGE_LOOP_ANALYSIS = YES;
				CLANG_WARN_STRICT_PROTOTYPES = YES;
				CLANG_WARN_SUSPICIOUS_MOVE = YES;
				CLANG_WARN_UNGUARDED_AVAILABILITY = YES_AGGRESSIVE;
				CLANG_WARN_UNREACHABLE_CODE = YES;
				CLANG_WARN__DUPLICATE_METHOD_MATCH = YES;
				COPY_PHASE_STRIP = NO;
				DEBUG_INFORMATION_FORMAT = dwarf;
				ENABLE_STRICT_OBJC_MSGSEND = YES;
				ENABLE_TESTABILITY = YES;
				GCC_C_LANGUAGE_STANDARD = gnu11;
				GCC_DYNAMIC_NO_PIC = NO;
				GCC_NO_COMMON_BLOCKS = YES;
				GCC_OPTIMIZATION_LEVEL = 0;
				GCC_PREPROCESSOR_DEFINITIONS = (
					"DEBUG=1",
					"$(inherited)",
				);
				GCC_WARN_64_TO_32_BIT_CONVERSION = YES;
				GCC_WARN_ABOUT_RETURN_TYPE = YES_ERROR;
				GCC_WARN_UNDECLARED_SELECTOR = YES;
				GCC_WARN_UNINITIALIZED_AUTOS = YES_AGGRESSIVE;
				GCC_WARN_UNUSED_FUNCTION = YES;
				GCC_WARN_UNUSED_VARIABLE = YES;
				IPHONEOS_DEPLOYMENT_TARGET = 14.5;
				MTL_ENABLE_DEBUG_INFO = INCLUDE_SOURCE;
				MTL_FAST_MATH = YES;
				ONLY_ACTIVE_ARCH = YES;
				SDKROOT = iphoneos;
				SWIFT_ACTIVE_COMPILATION_CONDITIONS = DEBUG;
				SWIFT_OPTIMIZATION_LEVEL = "-Onone";
			};
			name = Debug;
		};
		DF48F8C3281B5B140017372B /* Release */ = {
			isa = XCBuildConfiguration;
			buildSettings = {
				ALWAYS_SEARCH_USER_PATHS = NO;
				CLANG_ANALYZER_NONNULL = YES;
				CLANG_ANALYZER_NUMBER_OBJECT_CONVERSION = YES_AGGRESSIVE;
				CLANG_CXX_LANGUAGE_STANDARD = "gnu++14";
				CLANG_CXX_LIBRARY = "libc++";
				CLANG_ENABLE_MODULES = YES;
				CLANG_ENABLE_OBJC_ARC = YES;
				CLANG_ENABLE_OBJC_WEAK = YES;
				CLANG_WARN_BLOCK_CAPTURE_AUTORELEASING = YES;
				CLANG_WARN_BOOL_CONVERSION = YES;
				CLANG_WARN_COMMA = YES;
				CLANG_WARN_CONSTANT_CONVERSION = YES;
				CLANG_WARN_DEPRECATED_OBJC_IMPLEMENTATIONS = YES;
				CLANG_WARN_DIRECT_OBJC_ISA_USAGE = YES_ERROR;
				CLANG_WARN_DOCUMENTATION_COMMENTS = YES;
				CLANG_WARN_EMPTY_BODY = YES;
				CLANG_WARN_ENUM_CONVERSION = YES;
				CLANG_WARN_INFINITE_RECURSION = YES;
				CLANG_WARN_INT_CONVERSION = YES;
				CLANG_WARN_NON_LITERAL_NULL_CONVERSION = YES;
				CLANG_WARN_OBJC_IMPLICIT_RETAIN_SELF = YES;
				CLANG_WARN_OBJC_LITERAL_CONVERSION = YES;
				CLANG_WARN_OBJC_ROOT_CLASS = YES_ERROR;
				CLANG_WARN_QUOTED_INCLUDE_IN_FRAMEWORK_HEADER = YES;
				CLANG_WARN_RANGE_LOOP_ANALYSIS = YES;
				CLANG_WARN_STRICT_PROTOTYPES = YES;
				CLANG_WARN_SUSPICIOUS_MOVE = YES;
				CLANG_WARN_UNGUARDED_AVAILABILITY = YES_AGGRESSIVE;
				CLANG_WARN_UNREACHABLE_CODE = YES;
				CLANG_WARN__DUPLICATE_METHOD_MATCH = YES;
				COPY_PHASE_STRIP = NO;
				DEBUG_INFORMATION_FORMAT = "dwarf-with-dsym";
				ENABLE_NS_ASSERTIONS = NO;
				ENABLE_STRICT_OBJC_MSGSEND = YES;
				GCC_C_LANGUAGE_STANDARD = gnu11;
				GCC_NO_COMMON_BLOCKS = YES;
				GCC_WARN_64_TO_32_BIT_CONVERSION = YES;
				GCC_WARN_ABOUT_RETURN_TYPE = YES_ERROR;
				GCC_WARN_UNDECLARED_SELECTOR = YES;
				GCC_WARN_UNINITIALIZED_AUTOS = YES_AGGRESSIVE;
				GCC_WARN_UNUSED_FUNCTION = YES;
				GCC_WARN_UNUSED_VARIABLE = YES;
				IPHONEOS_DEPLOYMENT_TARGET = 14.5;
				MTL_ENABLE_DEBUG_INFO = NO;
				MTL_FAST_MATH = YES;
				SDKROOT = iphoneos;
				SWIFT_COMPILATION_MODE = wholemodule;
				SWIFT_OPTIMIZATION_LEVEL = "-O";
				VALIDATE_PRODUCT = YES;
			};
			name = Release;
		};
		DF48F8C5281B5B140017372B /* Debug */ = {
			isa = XCBuildConfiguration;
			baseConfigurationReference = 1D4B793575248016338C97D8 /* Pods-ClassRankerApp.debug.xcconfig */;
			buildSettings = {
				ASSETCATALOG_COMPILER_APPICON_NAME = AppIcon;
				ASSETCATALOG_COMPILER_GLOBAL_ACCENT_COLOR_NAME = AccentColor;
				CODE_SIGN_STYLE = Automatic;
				DEVELOPMENT_TEAM = 6DCY8F3YS4;
				INFOPLIST_FILE = ClassRankerApp/Info.plist;
				LD_RUNPATH_SEARCH_PATHS = (
					"$(inherited)",
					"@executable_path/Frameworks",
				);
				PRODUCT_BUNDLE_IDENTIFIER = com.victorcai.ClassRankerApp;
				PRODUCT_NAME = "$(TARGET_NAME)";
				SWIFT_VERSION = 5.0;
				TARGETED_DEVICE_FAMILY = "1,2";
			};
			name = Debug;
		};
		DF48F8C6281B5B140017372B /* Release */ = {
			isa = XCBuildConfiguration;
			baseConfigurationReference = 90CA011D89EA3239F75841D2 /* Pods-ClassRankerApp.release.xcconfig */;
			buildSettings = {
				ASSETCATALOG_COMPILER_APPICON_NAME = AppIcon;
				ASSETCATALOG_COMPILER_GLOBAL_ACCENT_COLOR_NAME = AccentColor;
				CODE_SIGN_STYLE = Automatic;
				DEVELOPMENT_TEAM = 6DCY8F3YS4;
				INFOPLIST_FILE = ClassRankerApp/Info.plist;
				LD_RUNPATH_SEARCH_PATHS = (
					"$(inherited)",
					"@executable_path/Frameworks",
				);
				PRODUCT_BUNDLE_IDENTIFIER = com.victorcai.ClassRankerApp;
				PRODUCT_NAME = "$(TARGET_NAME)";
				SWIFT_VERSION = 5.0;
				TARGETED_DEVICE_FAMILY = "1,2";
			};
			name = Release;
		};
/* End XCBuildConfiguration section */

/* Begin XCConfigurationList section */
		DF48F8AB281B5B100017372B /* Build configuration list for PBXProject "ClassRankerApp" */ = {
			isa = XCConfigurationList;
			buildConfigurations = (
				DF48F8C2281B5B140017372B /* Debug */,
				DF48F8C3281B5B140017372B /* Release */,
			);
			defaultConfigurationIsVisible = 0;
			defaultConfigurationName = Release;
		};
		DF48F8C4281B5B140017372B /* Build configuration list for PBXNativeTarget "ClassRankerApp" */ = {
			isa = XCConfigurationList;
			buildConfigurations = (
				DF48F8C5281B5B140017372B /* Debug */,
				DF48F8C6281B5B140017372B /* Release */,
			);
			defaultConfigurationIsVisible = 0;
			defaultConfigurationName = Release;
		};
/* End XCConfigurationList section */
	};
	rootObject = DF48F8A8281B5B100017372B /* Project object */;
}
